
Microsoft Visual Studio Solution File, Format Version 12.00
# Visual Studio Version 16
VisualStudioVersion = 16.0.31911.196
MinimumVisualStudioVersion = 10.0.40219.1
Project("{9A19103F-16F7-4668-BE54-9A1E7A4F7556}") = "PaddleOCRSharp", "PaddleOCRSharp\PaddleOCRSharp.csproj", "{AB10D356-2D95-4460-96CA-9A7129AD0A76}"
EndProject
Project("{FAE04EC0-301F-11D3-BF4B-00C04F79EFBC}") = "PaddleOCRSharpDemo", "PaddleOCRSharpDemo\PaddleOCRSharpDemo.csproj", "{74A506F6-A9CC-4799-98E9-A9A10255D06F}"
EndProject
Project("{8BC9CEB8-8B4A-11D0-8D11-00A0C91BC942}") = "PaddleOCRCppDemo", "PaddleOCRCppDemo\PaddleOCRCppDemo.vcxproj", "{4F17D541-369A-4EE3-BB18-AF889B62E131}"
EndProject
Global
	GlobalSection(SolutionConfigurationPlatforms) = preSolution
		Debug|x64 = Debug|x64
		Release|x64 = Release|x64
	EndGlobalSection
	GlobalSection(ProjectConfigurationPlatforms) = postSolution
		{AB10D356-2D95-4460-96CA-9A7129AD0A76}.Debug|x64.ActiveCfg = Debug|x64
		{AB10D356-2D95-4460-96CA-9A7129AD0A76}.Debug|x64.Build.0 = Debug|x64
		{AB10D356-2D95-4460-96CA-9A7129AD0A76}.Release|x64.ActiveCfg = Release|x64
		{AB10D356-2D95-4460-96CA-9A7129AD0A76}.Release|x64.Build.0 = Release|x64
		{74A506F6-A9CC-4799-98E9-A9A10255D06F}.Debug|x64.ActiveCfg = Debug|x64
		{74A506F6-A9CC-4799-98E9-A9A10255D06F}.Debug|x64.Build.0 = Debug|x64
		{74A506F6-A9CC-4799-98E9-A9A10255D06F}.Release|x64.ActiveCfg = Release|x64
		{74A506F6-A9CC-4799-98E9-A9A10255D06F}.Release|x64.Build.0 = Release|x64
		{4F17D541-369A-4EE3-BB18-AF889B62E131}.Debug|x64.ActiveCfg = Debug|x64
		{4F17D541-369A-4EE3-BB18-AF889B62E131}.Debug|x64.Build.0 = Debug|x64
		{4F17D541-369A-4EE3-BB18-AF889B62E131}.Release|x64.ActiveCfg = Release|x64
		{4F17D541-369A-4EE3-BB18-AF889B62E131}.Release|x64.Build.0 = Release|x64
	EndGlobalSection
	GlobalSection(SolutionProperties) = preSolution
		HideSolutionNode = FALSE
	EndGlobalSection
	GlobalSection(ExtensibilityGlobals) = postSolution
		SolutionGuid = {383D8198-0875-459A-9EEC-D4A0E519ECCA}
	EndGlobalSection
EndGlobal
